
Microsoft Visual Studio Solution File, Format Version 12.00
# Visual Studio Version 17
VisualStudioVersion = 17.9.34622.214
MinimumVisualStudioVersion = 10.0.40219.1
Project("{00D1A9C2-B5F0-4AF3-8072-F6C62B433612}") = "AnaraScapeDB", "AnaraScapeDB\AnaraScapeDB.sqlproj", "{4237FD85-A6E8-46EB-9351-ED7D8C7A75EC}"
EndProject
Project("{9A19103F-16F7-4668-BE54-9A1E7A4F7556}") = "DataAccess", "DataAccess\DataAccess.csproj", "{C4025E36-602F-459A-B46A-E12AB1AB047E}"
EndProject
Project("{2150E333-8FDC-42A3-9474-1A3956D46DE8}") = "Solution Items", "Solution Items", "{B37F0CF1-D840-41DB-8C15-305E06E56814}"
	ProjectSection(SolutionItems) = preProject
		README.md = README.md
	EndProjectSection
EndProject
Project("{FAE04EC0-301F-11D3-BF4B-00C04F79EFBC}") = "AnaraScape.Web", "AnaraScape.Web\AnaraScape.Web.csproj", "{8975A66F-38A4-4FC2-96E0-88159526456A}"
EndProject
Global
	GlobalSection(SolutionConfigurationPlatforms) = preSolution
		Debug|Any CPU = Debug|Any CPU
		Release|Any CPU = Release|Any CPU
	EndGlobalSection
	GlobalSection(ProjectConfigurationPlatforms) = postSolution
		{4237FD85-A6E8-46EB-9351-ED7D8C7A75EC}.Debug|Any CPU.ActiveCfg = Debug|Any CPU
		{4237FD85-A6E8-46EB-9351-ED7D8C7A75EC}.Debug|Any CPU.Build.0 = Debug|Any CPU
		{4237FD85-A6E8-46EB-9351-ED7D8C7A75EC}.Debug|Any CPU.Deploy.0 = Debug|Any CPU
		{4237FD85-A6E8-46EB-9351-ED7D8C7A75EC}.Release|Any CPU.ActiveCfg = Release|Any CPU
		{4237FD85-A6E8-46EB-9351-ED7D8C7A75EC}.Release|Any CPU.Build.0 = Release|Any CPU
		{4237FD85-A6E8-46EB-9351-ED7D8C7A75EC}.Release|Any CPU.Deploy.0 = Release|Any CPU
		{C4025E36-602F-459A-B46A-E12AB1AB047E}.Debug|Any CPU.ActiveCfg = Debug|Any CPU
		{C4025E36-602F-459A-B46A-E12AB1AB047E}.Debug|Any CPU.Build.0 = Debug|Any CPU
		{C4025E36-602F-459A-B46A-E12AB1AB047E}.Release|Any CPU.ActiveCfg = Release|Any CPU
		{C4025E36-602F-459A-B46A-E12AB1AB047E}.Release|Any CPU.Build.0 = Release|Any CPU
		{8975A66F-38A4-4FC2-96E0-88159526456A}.Debug|Any CPU.ActiveCfg = Debug|Any CPU
		{8975A66F-38A4-4FC2-96E0-88159526456A}.Debug|Any CPU.Build.0 = Debug|Any CPU
		{8975A66F-38A4-4FC2-96E0-88159526456A}.Release|Any CPU.ActiveCfg = Release|Any CPU
		{8975A66F-38A4-4FC2-96E0-88159526456A}.Release|Any CPU.Build.0 = Release|Any CPU
	EndGlobalSection
	GlobalSection(SolutionProperties) = preSolution
		HideSolutionNode = FALSE
	EndGlobalSection
	GlobalSection(ExtensibilityGlobals) = postSolution
		SolutionGuid = {50BC226B-CC91-4C1A-B732-232CDAC7058B}
	EndGlobalSection
EndGlobal
